
Microsoft Visual Studio Solution File, Format Version 12.00
# Visual Studio 2012
Project("{FAE04EC0-301F-11D3-BF4B-00C04F79EFBC}") = "Xamarin.Auth Sample (iOS)", "Xamarin.Auth Sample (iOS).csproj", "{B02DD86B-09BC-4991-A92C-B62E8079B2DF}"
EndProject
Project("{FAE04EC0-301F-11D3-BF4B-00C04F79EFBC}") = "Xamarin.Auth.iOS", "..\..\src\Xamarin.Auth.iOS\Xamarin.Auth.iOS.csproj", "{19A091BD-B0E7-49FC-BF83-4118D91A7DC3}"
EndProject
Project("{FAE04EC0-301F-11D3-BF4B-00C04F79EFBC}") = "Mojio", "..\lib\Mojio.Client\Src\Mojio\Mojio.csproj", "{FAECCBE3-5E0C-4140-90F0-FF35059673E9}"
EndProject
Project("{FAE04EC0-301F-11D3-BF4B-00C04F79EFBC}") = "Mojio.Client", "..\lib\Mojio.Client\Src\Mojio.Client\Mojio.Client.csproj", "{64B1AA53-3183-400B-82D7-DC34CA2EE35A}"
EndProject
Global
	GlobalSection(SolutionConfigurationPlatforms) = preSolution
		Debug|iPhoneSimulator = Debug|iPhoneSimulator
		Release|iPhoneSimulator = Release|iPhoneSimulator
		Debug|iPhone = Debug|iPhone
		Release|iPhone = Release|iPhone
		Ad-Hoc|iPhone = Ad-Hoc|iPhone
		AppStore|iPhone = AppStore|iPhone
	EndGlobalSection
	GlobalSection(ProjectConfigurationPlatforms) = postSolution
		{19A091BD-B0E7-49FC-BF83-4118D91A7DC3}.Ad-Hoc|iPhone.ActiveCfg = Release|Any CPU
		{19A091BD-B0E7-49FC-BF83-4118D91A7DC3}.Ad-Hoc|iPhone.Build.0 = Release|Any CPU
		{19A091BD-B0E7-49FC-BF83-4118D91A7DC3}.AppStore|iPhone.ActiveCfg = Release|Any CPU
		{19A091BD-B0E7-49FC-BF83-4118D91A7DC3}.AppStore|iPhone.Build.0 = Release|Any CPU
		{19A091BD-B0E7-49FC-BF83-4118D91A7DC3}.Debug|iPhone.ActiveCfg = Debug|Any CPU
		{19A091BD-B0E7-49FC-BF83-4118D91A7DC3}.Debug|iPhone.Build.0 = Debug|Any CPU
		{19A091BD-B0E7-49FC-BF83-4118D91A7DC3}.Debug|iPhoneSimulator.ActiveCfg = Debug|Any CPU
		{19A091BD-B0E7-49FC-BF83-4118D91A7DC3}.Debug|iPhoneSimulator.Build.0 = Debug|Any CPU
		{19A091BD-B0E7-49FC-BF83-4118D91A7DC3}.Release|iPhone.ActiveCfg = Release|Any CPU
		{19A091BD-B0E7-49FC-BF83-4118D91A7DC3}.Release|iPhone.Build.0 = Release|Any CPU
		{19A091BD-B0E7-49FC-BF83-4118D91A7DC3}.Release|iPhoneSimulator.ActiveCfg = Release|Any CPU
		{19A091BD-B0E7-49FC-BF83-4118D91A7DC3}.Release|iPhoneSimulator.Build.0 = Release|Any CPU
		{64B1AA53-3183-400B-82D7-DC34CA2EE35A}.Ad-Hoc|iPhone.ActiveCfg = Release|Any CPU
		{64B1AA53-3183-400B-82D7-DC34CA2EE35A}.Ad-Hoc|iPhone.Build.0 = Release|Any CPU
		{64B1AA53-3183-400B-82D7-DC34CA2EE35A}.AppStore|iPhone.ActiveCfg = Release|Any CPU
		{64B1AA53-3183-400B-82D7-DC34CA2EE35A}.AppStore|iPhone.Build.0 = Release|Any CPU
		{64B1AA53-3183-400B-82D7-DC34CA2EE35A}.Debug|iPhone.ActiveCfg = Debug|Any CPU
		{64B1AA53-3183-400B-82D7-DC34CA2EE35A}.Debug|iPhone.Build.0 = Debug|Any CPU
		{64B1AA53-3183-400B-82D7-DC34CA2EE35A}.Debug|iPhoneSimulator.ActiveCfg = Debug|Any CPU
		{64B1AA53-3183-400B-82D7-DC34CA2EE35A}.Debug|iPhoneSimulator.Build.0 = Debug|Any CPU
		{64B1AA53-3183-400B-82D7-DC34CA2EE35A}.Release|iPhone.ActiveCfg = Release|Any CPU
		{64B1AA53-3183-400B-82D7-DC34CA2EE35A}.Release|iPhone.Build.0 = Release|Any CPU
		{64B1AA53-3183-400B-82D7-DC34CA2EE35A}.Release|iPhoneSimulator.ActiveCfg = Release|Any CPU
		{64B1AA53-3183-400B-82D7-DC34CA2EE35A}.Release|iPhoneSimulator.Build.0 = Release|Any CPU
		{B02DD86B-09BC-4991-A92C-B62E8079B2DF}.Ad-Hoc|iPhone.ActiveCfg = Ad-Hoc|iPhone
		{B02DD86B-09BC-4991-A92C-B62E8079B2DF}.Ad-Hoc|iPhone.Build.0 = Ad-Hoc|iPhone
		{B02DD86B-09BC-4991-A92C-B62E8079B2DF}.AppStore|iPhone.ActiveCfg = AppStore|iPhone
		{B02DD86B-09BC-4991-A92C-B62E8079B2DF}.AppStore|iPhone.Build.0 = AppStore|iPhone
		{B02DD86B-09BC-4991-A92C-B62E8079B2DF}.Debug|iPhone.ActiveCfg = Debug|iPhone
		{B02DD86B-09BC-4991-A92C-B62E8079B2DF}.Debug|iPhone.Build.0 = Debug|iPhone
		{B02DD86B-09BC-4991-A92C-B62E8079B2DF}.Debug|iPhoneSimulator.ActiveCfg = Debug|iPhoneSimulator
		{B02DD86B-09BC-4991-A92C-B62E8079B2DF}.Debug|iPhoneSimulator.Build.0 = Debug|iPhoneSimulator
		{B02DD86B-09BC-4991-A92C-B62E8079B2DF}.Release|iPhone.ActiveCfg = Release|iPhone
		{B02DD86B-09BC-4991-A92C-B62E8079B2DF}.Release|iPhone.Build.0 = Release|iPhone
		{B02DD86B-09BC-4991-A92C-B62E8079B2DF}.Release|iPhoneSimulator.ActiveCfg = Release|iPhoneSimulator
		{B02DD86B-09BC-4991-A92C-B62E8079B2DF}.Release|iPhoneSimulator.Build.0 = Release|iPhoneSimulator
		{FAECCBE3-5E0C-4140-90F0-FF35059673E9}.Ad-Hoc|iPhone.ActiveCfg = Release|Any CPU
		{FAECCBE3-5E0C-4140-90F0-FF35059673E9}.Ad-Hoc|iPhone.Build.0 = Release|Any CPU
		{FAECCBE3-5E0C-4140-90F0-FF35059673E9}.AppStore|iPhone.ActiveCfg = Release|Any CPU
		{FAECCBE3-5E0C-4140-90F0-FF35059673E9}.AppStore|iPhone.Build.0 = Release|Any CPU
		{FAECCBE3-5E0C-4140-90F0-FF35059673E9}.Debug|iPhone.ActiveCfg = Debug|Any CPU
		{FAECCBE3-5E0C-4140-90F0-FF35059673E9}.Debug|iPhone.Build.0 = Debug|Any CPU
		{FAECCBE3-5E0C-4140-90F0-FF35059673E9}.Debug|iPhoneSimulator.ActiveCfg = Debug|Any CPU
		{FAECCBE3-5E0C-4140-90F0-FF35059673E9}.Debug|iPhoneSimulator.Build.0 = Debug|Any CPU
		{FAECCBE3-5E0C-4140-90F0-FF35059673E9}.Release|iPhone.ActiveCfg = Release|Any CPU
		{FAECCBE3-5E0C-4140-90F0-FF35059673E9}.Release|iPhone.Build.0 = Release|Any CPU
		{FAECCBE3-5E0C-4140-90F0-FF35059673E9}.Release|iPhoneSimulator.ActiveCfg = Release|Any CPU
		{FAECCBE3-5E0C-4140-90F0-FF35059673E9}.Release|iPhoneSimulator.Build.0 = Release|Any CPU
	EndGlobalSection
	GlobalSection(MonoDevelopProperties) = preSolution
		StartupItem = Xamarin.Auth Sample (iOS).csproj
		Policies = $0
		$0.DotNetNamingPolicy = $1
		$1.DirectoryNamespaceAssociation = None
		$1.ResourceNamePolicy = FileFormatDefault
		$0.StandardHeader = $2
		$2.Text = 
		$2.IncludeInNewFiles = True
		$0.NameConventionPolicy = $3
		$3.Rules = $4
		$4.NamingRule = $5
		$5.Name = Namespaces
		$5.AffectedEntity = Namespace
		$5.VisibilityMask = VisibilityMask
		$5.NamingStyle = PascalCase
		$5.IncludeInstanceMembers = True
		$5.IncludeStaticEntities = True
		$4.NamingRule = $6
		$6.Name = Types
		$6.AffectedEntity = Class, Struct, Enum, Delegate
		$6.VisibilityMask = Public
		$6.NamingStyle = PascalCase
		$6.IncludeInstanceMembers = True
		$6.IncludeStaticEntities = True
		$4.NamingRule = $7
		$7.Name = Interfaces
		$7.RequiredPrefixes = $8
		$8.String = I
		$7.AffectedEntity = Interface
		$7.VisibilityMask = Public
		$7.NamingStyle = PascalCase
		$7.IncludeInstanceMembers = True
		$7.IncludeStaticEntities = True
		$4.NamingRule = $9
		$9.Name = Attributes
		$9.RequiredSuffixes = $10
		$10.String = Attribute
		$9.AffectedEntity = CustomAttributes
		$9.VisibilityMask = Public
		$9.NamingStyle = PascalCase
		$9.IncludeInstanceMembers = True
		$9.IncludeStaticEntities = True
		$4.NamingRule = $11
		$11.Name = Event Arguments
		$11.RequiredSuffixes = $12
		$12.String = EventArgs
		$11.AffectedEntity = CustomEventArgs
		$11.VisibilityMask = Public
		$11.NamingStyle = PascalCase
		$11.IncludeInstanceMembers = True
		$11.IncludeStaticEntities = True
		$4.NamingRule = $13
		$13.Name = Exceptions
		$13.RequiredSuffixes = $14
		$14.String = Exception
		$13.AffectedEntity = CustomExceptions
		$13.VisibilityMask = VisibilityMask
		$13.NamingStyle = PascalCase
		$13.IncludeInstanceMembers = True
		$13.IncludeStaticEntities = True
		$4.NamingRule = $15
		$15.Name = Methods
		$15.AffectedEntity = Methods
		$15.VisibilityMask = Protected, Public
		$15.NamingStyle = PascalCase
		$15.IncludeInstanceMembers = True
		$15.IncludeStaticEntities = True
		$4.NamingRule = $16
		$16.Name = Static Readonly Fields
		$16.AffectedEntity = ReadonlyField
		$16.VisibilityMask = Protected, Public
		$16.NamingStyle = PascalCase
		$16.IncludeInstanceMembers = False
		$16.IncludeStaticEntities = True
		$4.NamingRule = $17
		$17.Name = Fields
		$17.AffectedEntity = Field
		$17.VisibilityMask = Protected, Public
		$17.NamingStyle = PascalCase
		$17.IncludeInstanceMembers = True
		$17.IncludeStaticEntities = True
		$4.NamingRule = $18
		$18.Name = ReadOnly Fields
		$18.AffectedEntity = ReadonlyField
		$18.VisibilityMask = Protected, Public
		$18.NamingStyle = PascalCase
		$18.IncludeInstanceMembers = True
		$18.IncludeStaticEntities = False
		$4.NamingRule = $19
		$19.Name = Constant Fields
		$19.AffectedEntity = ConstantField
		$19.VisibilityMask = Protected, Public
		$19.NamingStyle = PascalCase
		$19.IncludeInstanceMembers = True
		$19.IncludeStaticEntities = True
		$4.NamingRule = $20
		$20.Name = Properties
		$20.AffectedEntity = Property
		$20.VisibilityMask = Protected, Public
		$20.NamingStyle = PascalCase
		$20.IncludeInstanceMembers = True
		$20.IncludeStaticEntities = True
		$4.NamingRule = $21
		$21.Name = Events
		$21.AffectedEntity = Event
		$21.VisibilityMask = Protected, Public
		$21.NamingStyle = PascalCase
		$21.IncludeInstanceMembers = True
		$21.IncludeStaticEntities = True
		$4.NamingRule = $22
		$22.Name = Enum Members
		$22.AffectedEntity = EnumMember
		$22.VisibilityMask = VisibilityMask
		$22.NamingStyle = PascalCase
		$22.IncludeInstanceMembers = True
		$22.IncludeStaticEntities = True
		$4.NamingRule = $23
		$23.Name = Parameters
		$23.AffectedEntity = Parameter
		$23.VisibilityMask = VisibilityMask
		$23.NamingStyle = CamelCase
		$23.IncludeInstanceMembers = True
		$23.IncludeStaticEntities = True
		$4.NamingRule = $24
		$24.Name = Type Parameters
		$24.RequiredPrefixes = $25
		$25.String = T
		$24.AffectedEntity = TypeParameter
		$24.VisibilityMask = VisibilityMask
		$24.NamingStyle = PascalCase
		$24.IncludeInstanceMembers = True
		$24.IncludeStaticEntities = True
		$0.VersionControlPolicy = $26
		$26.inheritsSet = Mono
	EndGlobalSection
EndGlobal
