
Microsoft Visual Studio Solution File, Format Version 11.00
# Visual Studio 2010
Project("{FAE04EC0-301F-11D3-BF4B-00C04F79EFBC}") = "Xamarin.Auth Sample (iOS Classic)", "Xamarin.Auth Sample (iOS Classic).csproj", "{3653E844-23F0-4246-A953-CEB9BD9E3AE1}"
EndProject
Project("{FAE04EC0-301F-11D3-BF4B-00C04F79EFBC}") = "Mojio", "..\lib\Src\Mojio\Mojio.csproj", "{FAECCBE3-5E0C-4140-90F0-FF35059673E9}"
EndProject
Project("{FAE04EC0-301F-11D3-BF4B-00C04F79EFBC}") = "Mojio.Client", "..\lib\Src\Mojio.Client\Mojio.Client.csproj", "{64B1AA53-3183-400B-82D7-DC34CA2EE35A}"
EndProject
Global
	GlobalSection(SolutionConfigurationPlatforms) = preSolution
		Debug|iPhoneSimulator = Debug|iPhoneSimulator
		Release|iPhoneSimulator = Release|iPhoneSimulator
		Debug|iPhone = Debug|iPhone
		Release|iPhone = Release|iPhone
		Ad-Hoc|iPhone = Ad-Hoc|iPhone
		AppStore|iPhone = AppStore|iPhone
	EndGlobalSection
	GlobalSection(ProjectConfigurationPlatforms) = postSolution
		{3653E844-23F0-4246-A953-CEB9BD9E3AE1}.Ad-Hoc|iPhone.ActiveCfg = Ad-Hoc|iPhone
		{3653E844-23F0-4246-A953-CEB9BD9E3AE1}.Ad-Hoc|iPhone.Build.0 = Ad-Hoc|iPhone
		{3653E844-23F0-4246-A953-CEB9BD9E3AE1}.AppStore|iPhone.ActiveCfg = AppStore|iPhone
		{3653E844-23F0-4246-A953-CEB9BD9E3AE1}.AppStore|iPhone.Build.0 = AppStore|iPhone
		{3653E844-23F0-4246-A953-CEB9BD9E3AE1}.Debug|iPhone.ActiveCfg = Debug|iPhone
		{3653E844-23F0-4246-A953-CEB9BD9E3AE1}.Debug|iPhone.Build.0 = Debug|iPhone
		{3653E844-23F0-4246-A953-CEB9BD9E3AE1}.Debug|iPhoneSimulator.ActiveCfg = Debug|iPhoneSimulator
		{3653E844-23F0-4246-A953-CEB9BD9E3AE1}.Debug|iPhoneSimulator.Build.0 = Debug|iPhoneSimulator
		{3653E844-23F0-4246-A953-CEB9BD9E3AE1}.Release|iPhone.ActiveCfg = Release|iPhone
		{3653E844-23F0-4246-A953-CEB9BD9E3AE1}.Release|iPhone.Build.0 = Release|iPhone
		{3653E844-23F0-4246-A953-CEB9BD9E3AE1}.Release|iPhoneSimulator.ActiveCfg = Release|iPhoneSimulator
		{3653E844-23F0-4246-A953-CEB9BD9E3AE1}.Release|iPhoneSimulator.Build.0 = Release|iPhoneSimulator
		{64B1AA53-3183-400B-82D7-DC34CA2EE35A}.Ad-Hoc|iPhone.ActiveCfg = Release|Any CPU
		{64B1AA53-3183-400B-82D7-DC34CA2EE35A}.Ad-Hoc|iPhone.Build.0 = Release|Any CPU
		{64B1AA53-3183-400B-82D7-DC34CA2EE35A}.AppStore|iPhone.ActiveCfg = Release|Any CPU
		{64B1AA53-3183-400B-82D7-DC34CA2EE35A}.AppStore|iPhone.Build.0 = Release|Any CPU
		{64B1AA53-3183-400B-82D7-DC34CA2EE35A}.Debug|iPhone.ActiveCfg = Debug|Any CPU
		{64B1AA53-3183-400B-82D7-DC34CA2EE35A}.Debug|iPhone.Build.0 = Debug|Any CPU
		{64B1AA53-3183-400B-82D7-DC34CA2EE35A}.Debug|iPhoneSimulator.ActiveCfg = Debug|Any CPU
		{64B1AA53-3183-400B-82D7-DC34CA2EE35A}.Debug|iPhoneSimulator.Build.0 = Debug|Any CPU
		{64B1AA53-3183-400B-82D7-DC34CA2EE35A}.Release|iPhone.ActiveCfg = Release|Any CPU
		{64B1AA53-3183-400B-82D7-DC34CA2EE35A}.Release|iPhone.Build.0 = Release|Any CPU
		{64B1AA53-3183-400B-82D7-DC34CA2EE35A}.Release|iPhoneSimulator.ActiveCfg = Release|Any CPU
		{64B1AA53-3183-400B-82D7-DC34CA2EE35A}.Release|iPhoneSimulator.Build.0 = Release|Any CPU
		{FAECCBE3-5E0C-4140-90F0-FF35059673E9}.Ad-Hoc|iPhone.ActiveCfg = Release|Any CPU
		{FAECCBE3-5E0C-4140-90F0-FF35059673E9}.Ad-Hoc|iPhone.Build.0 = Release|Any CPU
		{FAECCBE3-5E0C-4140-90F0-FF35059673E9}.AppStore|iPhone.ActiveCfg = Release|Any CPU
		{FAECCBE3-5E0C-4140-90F0-FF35059673E9}.AppStore|iPhone.Build.0 = Release|Any CPU
		{FAECCBE3-5E0C-4140-90F0-FF35059673E9}.Debug|iPhone.ActiveCfg = Debug|Any CPU
		{FAECCBE3-5E0C-4140-90F0-FF35059673E9}.Debug|iPhone.Build.0 = Debug|Any CPU
		{FAECCBE3-5E0C-4140-90F0-FF35059673E9}.Debug|iPhoneSimulator.ActiveCfg = Debug|Any CPU
		{FAECCBE3-5E0C-4140-90F0-FF35059673E9}.Debug|iPhoneSimulator.Build.0 = Debug|Any CPU
		{FAECCBE3-5E0C-4140-90F0-FF35059673E9}.Release|iPhone.ActiveCfg = Release|Any CPU
		{FAECCBE3-5E0C-4140-90F0-FF35059673E9}.Release|iPhone.Build.0 = Release|Any CPU
		{FAECCBE3-5E0C-4140-90F0-FF35059673E9}.Release|iPhoneSimulator.ActiveCfg = Release|Any CPU
		{FAECCBE3-5E0C-4140-90F0-FF35059673E9}.Release|iPhoneSimulator.Build.0 = Release|Any CPU
	EndGlobalSection
	GlobalSection(MonoDevelopProperties) = preSolution
		StartupItem = Xamarin.Auth Sample (iOS Classic).csproj
	EndGlobalSection
EndGlobal
